// !$*UTF8*$!
{
	archiveVersion = 1;
	classes = {
	};
	objectVersion = 50;
	objects = {

/* Begin PBXBuildFile section */
		3C6018992448D72B00D2DB8D /* main.cpp in Sources */ = {isa = PBXBuildFile; fileRef = 3C6018982448D72B00D2DB8D /* main.cpp */; };
		3C6018A12448D75A00D2DB8D /* makefile in Sources */ = {isa = PBXBuildFile; fileRef = 3C6018A02448D75A00D2DB8D /* makefile */; };
/* End PBXBuildFile section */

/* Begin PBXCopyFilesBuildPhase section */
		3C6018932448D72B00D2DB8D /* CopyFiles */ = {
			isa = PBXCopyFilesBuildPhase;
			buildActionMask = 2147483647;
			dstPath = /usr/share/man/man1/;
			dstSubfolderSpec = 0;
			files = (
			);
			runOnlyForDeploymentPostprocessing = 1;
		};
/* End PBXCopyFilesBuildPhase section */

/* Begin PBXFileReference section */
		3C50F0922449033E00D96B27 /* page.html */ = {isa = PBXFileReference; fileEncoding = 4; lastKnownFileType = text.html.documentation; path = page.html; sourceTree = "<group>"; };
		3C50F0932449033E00D96B27 /* screen shot 2020-04-16 at 2.08.38 pm.png */ = {isa = PBXFileReference; lastKnownFileType = image.png; path = "screen shot 2020-04-16 at 2.08.38 pm.png"; sourceTree = "<group>"; };
		3C50F0942449033E00D96B27 /* node.xml */ = {isa = PBXFileReference; fileEncoding = 4; lastKnownFileType = text.xml; path = node.xml; sourceTree = "<group>"; };
		3C50F0952449033E00D96B27 /* screen shot 2020-04-16 at 1.33.35 pm.png */ = {isa = PBXFileReference; lastKnownFileType = image.png; path = "screen shot 2020-04-16 at 1.33.35 pm.png"; sourceTree = "<group>"; };
		3C50F0972449033E00D96B27 /* page.html */ = {isa = PBXFileReference; fileEncoding = 4; lastKnownFileType = text.html.documentation; path = page.html; sourceTree = "<group>"; };
		3C50F0982449033E00D96B27 /* node.xml */ = {isa = PBXFileReference; fileEncoding = 4; lastKnownFileType = text.xml; path = node.xml; sourceTree = "<group>"; };
		3C50F0992449033E00D96B27 /* screen shot 2020-04-16 at 1.56.42 pm.png */ = {isa = PBXFileReference; lastKnownFileType = image.png; path = "screen shot 2020-04-16 at 1.56.42 pm.png"; sourceTree = "<group>"; };
		3C50F09B2449033E00D96B27 /* page.html */ = {isa = PBXFileReference; fileEncoding = 4; lastKnownFileType = text.html.documentation; path = page.html; sourceTree = "<group>"; };
		3C50F09C2449033E00D96B27 /* screen shot 2020-04-16 at 1.54.21 pm.png */ = {isa = PBXFileReference; lastKnownFileType = image.png; path = "screen shot 2020-04-16 at 1.54.21 pm.png"; sourceTree = "<group>"; };
		3C50F09D2449033E00D96B27 /* node.xml */ = {isa = PBXFileReference; fileEncoding = 4; lastKnownFileType = text.xml; path = node.xml; sourceTree = "<group>"; };
		3C50F09F2449033E00D96B27 /* page.html */ = {isa = PBXFileReference; fileEncoding = 4; lastKnownFileType = text.html.documentation; path = page.html; sourceTree = "<group>"; };
		3C50F0A02449033E00D96B27 /* node.xml */ = {isa = PBXFileReference; fileEncoding = 4; lastKnownFileType = text.xml; path = node.xml; sourceTree = "<group>"; };
		3C50F0A12449033E00D96B27 /* screen shot 2020-04-16 at 2.04.29 pm.png */ = {isa = PBXFileReference; lastKnownFileType = image.png; path = "screen shot 2020-04-16 at 2.04.29 pm.png"; sourceTree = "<group>"; };
		3C50F0A22449033E00D96B27 /* node.xml */ = {isa = PBXFileReference; fileEncoding = 4; lastKnownFileType = text.xml; path = node.xml; sourceTree = "<group>"; };
		3C50F0A42449033E00D96B27 /* page.html */ = {isa = PBXFileReference; fileEncoding = 4; lastKnownFileType = text.html.documentation; path = page.html; sourceTree = "<group>"; };
		3C50F0A52449033E00D96B27 /* node.xml */ = {isa = PBXFileReference; fileEncoding = 4; lastKnownFileType = text.xml; path = node.xml; sourceTree = "<group>"; };
		3C50F0A62449033E00D96B27 /* screen shot 2020-04-16 at 2.01.57 pm.png */ = {isa = PBXFileReference; lastKnownFileType = image.png; path = "screen shot 2020-04-16 at 2.01.57 pm.png"; sourceTree = "<group>"; };
		3C50F0A82449033E00D96B27 /* page.html */ = {isa = PBXFileReference; fileEncoding = 4; lastKnownFileType = text.html.documentation; path = page.html; sourceTree = "<group>"; };
		3C50F0A92449033E00D96B27 /* node.xml */ = {isa = PBXFileReference; fileEncoding = 4; lastKnownFileType = text.xml; path = node.xml; sourceTree = "<group>"; };
		3C50F0AA2449033E00D96B27 /* screen shot 2020-04-16 at 1.56.56 pm.png */ = {isa = PBXFileReference; lastKnownFileType = image.png; path = "screen shot 2020-04-16 at 1.56.56 pm.png"; sourceTree = "<group>"; };
		3C50F0AC2449033E00D96B27 /* page.html */ = {isa = PBXFileReference; fileEncoding = 4; lastKnownFileType = text.html.documentation; path = page.html; sourceTree = "<group>"; };
		3C50F0AD2449033E00D96B27 /* screen shot 2020-04-16 at 1.51.55 pm.png */ = {isa = PBXFileReference; lastKnownFileType = image.png; path = "screen shot 2020-04-16 at 1.51.55 pm.png"; sourceTree = "<group>"; };
		3C50F0AE2449033E00D96B27 /* node.xml */ = {isa = PBXFileReference; fileEncoding = 4; lastKnownFileType = text.xml; path = node.xml; sourceTree = "<group>"; };
		3C50F0B02449033E00D96B27 /* page.html */ = {isa = PBXFileReference; fileEncoding = 4; lastKnownFileType = text.html.documentation; path = page.html; sourceTree = "<group>"; };
		3C50F0B12449033E00D96B27 /* node.xml */ = {isa = PBXFileReference; fileEncoding = 4; lastKnownFileType = text.xml; path = node.xml; sourceTree = "<group>"; };
		3C50F0B22449033E00D96B27 /* screen shot 2020-04-16 at 2.07.02 pm.png */ = {isa = PBXFileReference; lastKnownFileType = image.png; path = "screen shot 2020-04-16 at 2.07.02 pm.png"; sourceTree = "<group>"; };
		3C50F0B52449033E00D96B27 /* page.html */ = {isa = PBXFileReference; fileEncoding = 4; lastKnownFileType = text.html; path = page.html; sourceTree = "<group>"; };
		3C50F0B62449033E00D96B27 /* screen shot 2020-04-16 at 2.24.49 pm.png */ = {isa = PBXFileReference; lastKnownFileType = image.png; path = "screen shot 2020-04-16 at 2.24.49 pm.png"; sourceTree = "<group>"; };
		3C50F0B72449033E00D96B27 /* node.xml */ = {isa = PBXFileReference; fileEncoding = 4; lastKnownFileType = text.xml; path = node.xml; sourceTree = "<group>"; };
		3C50F0B82449033E00D96B27 /* node.xml */ = {isa = PBXFileReference; fileEncoding = 4; lastKnownFileType = text.xml; path = node.xml; sourceTree = "<group>"; };
		3C50F0B92449033E00D96B27 /* notebook.nbk */ = {isa = PBXFileReference; fileEncoding = 4; lastKnownFileType = text.xml; path = notebook.nbk; sourceTree = "<group>"; };
		3C50F0BB2449033E00D96B27 /* node.xml */ = {isa = PBXFileReference; fileEncoding = 4; lastKnownFileType = text.xml; path = node.xml; sourceTree = "<group>"; };
		3C50F0BC2449033E00D96B27 /* node.xml */ = {isa = PBXFileReference; fileEncoding = 4; lastKnownFileType = text.xml; path = node.xml; sourceTree = "<group>"; };
		3C50F0BE2449033E00D96B27 /* node.xml */ = {isa = PBXFileReference; fileEncoding = 4; lastKnownFileType = text.xml; path = node.xml; sourceTree = "<group>"; };
		3C50F0C02449033E00D96B27 /* page.html */ = {isa = PBXFileReference; fileEncoding = 4; lastKnownFileType = text.html; path = page.html; sourceTree = "<group>"; };
		3C50F0C12449033E00D96B27 /* node.xml */ = {isa = PBXFileReference; fileEncoding = 4; lastKnownFileType = text.xml; path = node.xml; sourceTree = "<group>"; };
		3C50F0C32449033E00D96B27 /* page.html */ = {isa = PBXFileReference; fileEncoding = 4; lastKnownFileType = text.html; path = page.html; sourceTree = "<group>"; };
		3C50F0C42449033E00D96B27 /* node.xml */ = {isa = PBXFileReference; fileEncoding = 4; lastKnownFileType = text.xml; path = node.xml; sourceTree = "<group>"; };
		3C50F0C52449033E00D96B27 /* screen shot 2020-04-16 at 1.33.35 pm.png */ = {isa = PBXFileReference; lastKnownFileType = image.png; path = "screen shot 2020-04-16 at 1.33.35 pm.png"; sourceTree = "<group>"; };
		3C50F0C72449033E00D96B27 /* index.sqlite */ = {isa = PBXFileReference; lastKnownFileType = file; path = index.sqlite; sourceTree = "<group>"; };
		3C6018952448D72B00D2DB8D /* BasicGraph */ = {isa = PBXFileReference; explicitFileType = "compiled.mach-o.executable"; includeInIndex = 0; path = BasicGraph; sourceTree = BUILT_PRODUCTS_DIR; };
		3C6018982448D72B00D2DB8D /* main.cpp */ = {isa = PBXFileReference; lastKnownFileType = sourcecode.cpp.cpp; path = main.cpp; sourceTree = "<group>"; };
		3C60189F2448D75A00D2DB8D /* graph.h */ = {isa = PBXFileReference; fileEncoding = 4; lastKnownFileType = sourcecode.c.h; path = graph.h; sourceTree = "<group>"; };
		3C6018A02448D75A00D2DB8D /* makefile */ = {isa = PBXFileReference; fileEncoding = 4; lastKnownFileType = sourcecode.make; path = makefile; sourceTree = "<group>"; };
/* End PBXFileReference section */

/* Begin PBXFrameworksBuildPhase section */
		3C6018922448D72B00D2DB8D /* Frameworks */ = {
			isa = PBXFrameworksBuildPhase;
			buildActionMask = 2147483647;
			files = (
			);
			runOnlyForDeploymentPostprocessing = 0;
		};
/* End PBXFrameworksBuildPhase section */

/* Begin PBXGroup section */
		3C50F08F2449033E00D96B27 /* GraphLab251 */ = {
			isa = PBXGroup;
			children = (
				3C50F0902449033E00D96B27 /* documentation */,
				3C50F0B32449033E00D96B27 /* user manual */,
				3C50F0B92449033E00D96B27 /* notebook.nbk */,
				3C50F0BA2449033E00D96B27 /* trash */,
				3C50F0BC2449033E00D96B27 /* node.xml */,
				3C50F0BD2449033E00D96B27 /* implementation */,
				3C50F0C22449033E00D96B27 /* overview */,
				3C50F0C62449033E00D96B27 /* __NOTEBOOK__ */,
			);
			path = GraphLab251;
			sourceTree = "<group>";
		};
		3C50F0902449033E00D96B27 /* documentation */ = {
			isa = PBXGroup;
			children = (
				3C50F0912449033E00D96B27 /* dump */,
				3C50F0962449033E00D96B27 /* addedge */,
				3C50F09A2449033E00D96B27 /* numedges */,
				3C50F09E2449033E00D96B27 /* getvertices */,
				3C50F0A22449033E00D96B27 /* node.xml */,
				3C50F0A32449033E00D96B27 /* getweight */,
				3C50F0A72449033E00D96B27 /* addvertex */,
				3C50F0AB2449033E00D96B27 /* numvertices */,
				3C50F0AF2449033E00D96B27 /* neighbors */,
			);
			path = documentation;
			sourceTree = "<group>";
		};
		3C50F0912449033E00D96B27 /* dump */ = {
			isa = PBXGroup;
			children = (
				3C50F0922449033E00D96B27 /* page.html */,
				3C50F0932449033E00D96B27 /* screen shot 2020-04-16 at 2.08.38 pm.png */,
				3C50F0942449033E00D96B27 /* node.xml */,
				3C50F0952449033E00D96B27 /* screen shot 2020-04-16 at 1.33.35 pm.png */,
			);
			path = dump;
			sourceTree = "<group>";
		};
		3C50F0962449033E00D96B27 /* addedge */ = {
			isa = PBXGroup;
			children = (
				3C50F0972449033E00D96B27 /* page.html */,
				3C50F0982449033E00D96B27 /* node.xml */,
				3C50F0992449033E00D96B27 /* screen shot 2020-04-16 at 1.56.42 pm.png */,
			);
			path = addedge;
			sourceTree = "<group>";
		};
		3C50F09A2449033E00D96B27 /* numedges */ = {
			isa = PBXGroup;
			children = (
				3C50F09B2449033E00D96B27 /* page.html */,
				3C50F09C2449033E00D96B27 /* screen shot 2020-04-16 at 1.54.21 pm.png */,
				3C50F09D2449033E00D96B27 /* node.xml */,
			);
			path = numedges;
			sourceTree = "<group>";
		};
		3C50F09E2449033E00D96B27 /* getvertices */ = {
			isa = PBXGroup;
			children = (
				3C50F09F2449033E00D96B27 /* page.html */,
				3C50F0A02449033E00D96B27 /* node.xml */,
				3C50F0A12449033E00D96B27 /* screen shot 2020-04-16 at 2.04.29 pm.png */,
			);
			path = getvertices;
			sourceTree = "<group>";
		};
		3C50F0A32449033E00D96B27 /* getweight */ = {
			isa = PBXGroup;
			children = (
				3C50F0A42449033E00D96B27 /* page.html */,
				3C50F0A52449033E00D96B27 /* node.xml */,
				3C50F0A62449033E00D96B27 /* screen shot 2020-04-16 at 2.01.57 pm.png */,
			);
			path = getweight;
			sourceTree = "<group>";
		};
		3C50F0A72449033E00D96B27 /* addvertex */ = {
			isa = PBXGroup;
			children = (
				3C50F0A82449033E00D96B27 /* page.html */,
				3C50F0A92449033E00D96B27 /* node.xml */,
				3C50F0AA2449033E00D96B27 /* screen shot 2020-04-16 at 1.56.56 pm.png */,
			);
			path = addvertex;
			sourceTree = "<group>";
		};
		3C50F0AB2449033E00D96B27 /* numvertices */ = {
			isa = PBXGroup;
			children = (
				3C50F0AC2449033E00D96B27 /* page.html */,
				3C50F0AD2449033E00D96B27 /* screen shot 2020-04-16 at 1.51.55 pm.png */,
				3C50F0AE2449033E00D96B27 /* node.xml */,
			);
			path = numvertices;
			sourceTree = "<group>";
		};
		3C50F0AF2449033E00D96B27 /* neighbors */ = {
			isa = PBXGroup;
			children = (
				3C50F0B02449033E00D96B27 /* page.html */,
				3C50F0B12449033E00D96B27 /* node.xml */,
				3C50F0B22449033E00D96B27 /* screen shot 2020-04-16 at 2.07.02 pm.png */,
			);
			path = neighbors;
			sourceTree = "<group>";
		};
		3C50F0B32449033E00D96B27 /* user manual */ = {
			isa = PBXGroup;
			children = (
				3C50F0B42449033E00D96B27 /* usage */,
				3C50F0B82449033E00D96B27 /* node.xml */,
			);
			path = "user manual";
			sourceTree = "<group>";
		};
		3C50F0B42449033E00D96B27 /* usage */ = {
			isa = PBXGroup;
			children = (
				3C50F0B52449033E00D96B27 /* page.html */,
				3C50F0B62449033E00D96B27 /* screen shot 2020-04-16 at 2.24.49 pm.png */,
				3C50F0B72449033E00D96B27 /* node.xml */,
			);
			path = usage;
			sourceTree = "<group>";
		};
		3C50F0BA2449033E00D96B27 /* trash */ = {
			isa = PBXGroup;
			children = (
				3C50F0BB2449033E00D96B27 /* node.xml */,
			);
			path = trash;
			sourceTree = "<group>";
		};
		3C50F0BD2449033E00D96B27 /* implementation */ = {
			isa = PBXGroup;
			children = (
				3C50F0BE2449033E00D96B27 /* node.xml */,
				3C50F0BF2449033E00D96B27 /* class implementation */,
			);
			path = implementation;
			sourceTree = "<group>";
		};
		3C50F0BF2449033E00D96B27 /* class implementation */ = {
			isa = PBXGroup;
			children = (
				3C50F0C02449033E00D96B27 /* page.html */,
				3C50F0C12449033E00D96B27 /* node.xml */,
			);
			path = "class implementation";
			sourceTree = "<group>";
		};
		3C50F0C22449033E00D96B27 /* overview */ = {
			isa = PBXGroup;
			children = (
				3C50F0C32449033E00D96B27 /* page.html */,
				3C50F0C42449033E00D96B27 /* node.xml */,
				3C50F0C52449033E00D96B27 /* screen shot 2020-04-16 at 1.33.35 pm.png */,
			);
			path = overview;
			sourceTree = "<group>";
		};
		3C50F0C62449033E00D96B27 /* __NOTEBOOK__ */ = {
			isa = PBXGroup;
			children = (
				3C50F0C72449033E00D96B27 /* index.sqlite */,
				3C50F0C82449033E00D96B27 /* icons */,
				3C50F0C92449033E00D96B27 /* lost_found */,
				3C50F0CA2449033E00D96B27 /* orphans */,
			);
			path = __NOTEBOOK__;
			sourceTree = "<group>";
		};
		3C50F0C82449033E00D96B27 /* icons */ = {
			isa = PBXGroup;
			children = (
			);
			path = icons;
			sourceTree = "<group>";
		};
		3C50F0C92449033E00D96B27 /* lost_found */ = {
			isa = PBXGroup;
			children = (
			);
			path = lost_found;
			sourceTree = "<group>";
		};
		3C50F0CA2449033E00D96B27 /* orphans */ = {
			isa = PBXGroup;
			children = (
			);
			path = orphans;
			sourceTree = "<group>";
		};
		3C60188C2448D72B00D2DB8D = {
			isa = PBXGroup;
			children = (
				3C50F08F2449033E00D96B27 /* GraphLab251 */,
				3C6018972448D72B00D2DB8D /* BasicGraph */,
				3C6018962448D72B00D2DB8D /* Products */,
			);
			sourceTree = "<group>";
		};
		3C6018962448D72B00D2DB8D /* Products */ = {
			isa = PBXGroup;
			children = (
				3C6018952448D72B00D2DB8D /* BasicGraph */,
			);
			name = Products;
			sourceTree = "<group>";
		};
		3C6018972448D72B00D2DB8D /* BasicGraph */ = {
			isa = PBXGroup;
			children = (
				3C60189F2448D75A00D2DB8D /* graph.h */,
				3C6018A02448D75A00D2DB8D /* makefile */,
				3C6018982448D72B00D2DB8D /* main.cpp */,
			);
			path = BasicGraph;
			sourceTree = "<group>";
		};
/* End PBXGroup section */

/* Begin PBXNativeTarget section */
		3C6018942448D72B00D2DB8D /* BasicGraph */ = {
			isa = PBXNativeTarget;
			buildConfigurationList = 3C60189C2448D72B00D2DB8D /* Build configuration list for PBXNativeTarget "BasicGraph" */;
			buildPhases = (
				3C6018912448D72B00D2DB8D /* Sources */,
				3C6018922448D72B00D2DB8D /* Frameworks */,
				3C6018932448D72B00D2DB8D /* CopyFiles */,
			);
			buildRules = (
			);
			dependencies = (
			);
			name = BasicGraph;
			productName = BasicGraph;
			productReference = 3C6018952448D72B00D2DB8D /* BasicGraph */;
			productType = "com.apple.product-type.tool";
		};
/* End PBXNativeTarget section */

/* Begin PBXProject section */
		3C60188D2448D72B00D2DB8D /* Project object */ = {
			isa = PBXProject;
			attributes = {
				LastUpgradeCheck = 1140;
				ORGANIZATIONNAME = "Christian Bingman";
				TargetAttributes = {
					3C6018942448D72B00D2DB8D = {
						CreatedOnToolsVersion = 11.4.1;
					};
				};
			};
			buildConfigurationList = 3C6018902448D72B00D2DB8D /* Build configuration list for PBXProject "BasicGraph" */;
			compatibilityVersion = "Xcode 9.3";
			developmentRegion = en;
			hasScannedForEncodings = 0;
			knownRegions = (
				en,
				Base,
			);
			mainGroup = 3C60188C2448D72B00D2DB8D;
			productRefGroup = 3C6018962448D72B00D2DB8D /* Products */;
			projectDirPath = "";
			projectRoot = "";
			targets = (
				3C6018942448D72B00D2DB8D /* BasicGraph */,
			);
		};
/* End PBXProject section */

/* Begin PBXSourcesBuildPhase section */
		3C6018912448D72B00D2DB8D /* Sources */ = {
			isa = PBXSourcesBuildPhase;
			buildActionMask = 2147483647;
			files = (
				3C6018A12448D75A00D2DB8D /* makefile in Sources */,
				3C6018992448D72B00D2DB8D /* main.cpp in Sources */,
			);
			runOnlyForDeploymentPostprocessing = 0;
		};
/* End PBXSourcesBuildPhase section */

/* Begin XCBuildConfiguration section */
		3C60189A2448D72B00D2DB8D /* Debug */ = {
			isa = XCBuildConfiguration;
			buildSettings = {
				ALWAYS_SEARCH_USER_PATHS = NO;
				CLANG_ANALYZER_NONNULL = YES;
				CLANG_ANALYZER_NUMBER_OBJECT_CONVERSION = YES_AGGRESSIVE;
				CLANG_CXX_LANGUAGE_STANDARD = "gnu++14";
				CLANG_CXX_LIBRARY = "libc++";
				CLANG_ENABLE_MODULES = YES;
				CLANG_ENABLE_OBJC_ARC = YES;
				CLANG_ENABLE_OBJC_WEAK = YES;
				CLANG_WARN_BLOCK_CAPTURE_AUTORELEASING = YES;
				CLANG_WARN_BOOL_CONVERSION = YES;
				CLANG_WARN_COMMA = YES;
				CLANG_WARN_CONSTANT_CONVERSION = YES;
				CLANG_WARN_DEPRECATED_OBJC_IMPLEMENTATIONS = YES;
				CLANG_WARN_DIRECT_OBJC_ISA_USAGE = YES_ERROR;
				CLANG_WARN_DOCUMENTATION_COMMENTS = YES;
				CLANG_WARN_EMPTY_BODY = YES;
				CLANG_WARN_ENUM_CONVERSION = YES;
				CLANG_WARN_INFINITE_RECURSION = YES;
				CLANG_WARN_INT_CONVERSION = YES;
				CLANG_WARN_NON_LITERAL_NULL_CONVERSION = YES;
				CLANG_WARN_OBJC_IMPLICIT_RETAIN_SELF = YES;
				CLANG_WARN_OBJC_LITERAL_CONVERSION = YES;
				CLANG_WARN_OBJC_ROOT_CLASS = YES_ERROR;
				CLANG_WARN_RANGE_LOOP_ANALYSIS = YES;
				CLANG_WARN_STRICT_PROTOTYPES = YES;
				CLANG_WARN_SUSPICIOUS_MOVE = YES;
				CLANG_WARN_UNGUARDED_AVAILABILITY = YES_AGGRESSIVE;
				CLANG_WARN_UNREACHABLE_CODE = YES;
				CLANG_WARN__DUPLICATE_METHOD_MATCH = YES;
				COPY_PHASE_STRIP = NO;
				DEBUG_INFORMATION_FORMAT = dwarf;
				ENABLE_STRICT_OBJC_MSGSEND = YES;
				ENABLE_TESTABILITY = YES;
				GCC_C_LANGUAGE_STANDARD = gnu11;
				GCC_DYNAMIC_NO_PIC = NO;
				GCC_NO_COMMON_BLOCKS = YES;
				GCC_OPTIMIZATION_LEVEL = 0;
				GCC_PREPROCESSOR_DEFINITIONS = (
					"DEBUG=1",
					"$(inherited)",
				);
				GCC_WARN_64_TO_32_BIT_CONVERSION = YES;
				GCC_WARN_ABOUT_RETURN_TYPE = YES_ERROR;
				GCC_WARN_UNDECLARED_SELECTOR = YES;
				GCC_WARN_UNINITIALIZED_AUTOS = YES_AGGRESSIVE;
				GCC_WARN_UNUSED_FUNCTION = YES;
				GCC_WARN_UNUSED_VARIABLE = YES;
				MACOSX_DEPLOYMENT_TARGET = 10.15;
				MTL_ENABLE_DEBUG_INFO = INCLUDE_SOURCE;
				MTL_FAST_MATH = YES;
				ONLY_ACTIVE_ARCH = YES;
				SDKROOT = macosx;
			};
			name = Debug;
		};
		3C60189B2448D72B00D2DB8D /* Release */ = {
			isa = XCBuildConfiguration;
			buildSettings = {
				ALWAYS_SEARCH_USER_PATHS = NO;
				CLANG_ANALYZER_NONNULL = YES;
				CLANG_ANALYZER_NUMBER_OBJECT_CONVERSION = YES_AGGRESSIVE;
				CLANG_CXX_LANGUAGE_STANDARD = "gnu++14";
				CLANG_CXX_LIBRARY = "libc++";
				CLANG_ENABLE_MODULES = YES;
				CLANG_ENABLE_OBJC_ARC = YES;
				CLANG_ENABLE_OBJC_WEAK = YES;
				CLANG_WARN_BLOCK_CAPTURE_AUTORELEASING = YES;
				CLANG_WARN_BOOL_CONVERSION = YES;
				CLANG_WARN_COMMA = YES;
				CLANG_WARN_CONSTANT_CONVERSION = YES;
				CLANG_WARN_DEPRECATED_OBJC_IMPLEMENTATIONS = YES;
				CLANG_WARN_DIRECT_OBJC_ISA_USAGE = YES_ERROR;
				CLANG_WARN_DOCUMENTATION_COMMENTS = YES;
				CLANG_WARN_EMPTY_BODY = YES;
				CLANG_WARN_ENUM_CONVERSION = YES;
				CLANG_WARN_INFINITE_RECURSION = YES;
				CLANG_WARN_INT_CONVERSION = YES;
				CLANG_WARN_NON_LITERAL_NULL_CONVERSION = YES;
				CLANG_WARN_OBJC_IMPLICIT_RETAIN_SELF = YES;
				CLANG_WARN_OBJC_LITERAL_CONVERSION = YES;
				CLANG_WARN_OBJC_ROOT_CLASS = YES_ERROR;
				CLANG_WARN_RANGE_LOOP_ANALYSIS = YES;
				CLANG_WARN_STRICT_PROTOTYPES = YES;
				CLANG_WARN_SUSPICIOUS_MOVE = YES;
				CLANG_WARN_UNGUARDED_AVAILABILITY = YES_AGGRESSIVE;
				CLANG_WARN_UNREACHABLE_CODE = YES;
				CLANG_WARN__DUPLICATE_METHOD_MATCH = YES;
				COPY_PHASE_STRIP = NO;
				DEBUG_INFORMATION_FORMAT = "dwarf-with-dsym";
				ENABLE_NS_ASSERTIONS = NO;
				ENABLE_STRICT_OBJC_MSGSEND = YES;
				GCC_C_LANGUAGE_STANDARD = gnu11;
				GCC_NO_COMMON_BLOCKS = YES;
				GCC_WARN_64_TO_32_BIT_CONVERSION = YES;
				GCC_WARN_ABOUT_RETURN_TYPE = YES_ERROR;
				GCC_WARN_UNDECLARED_SELECTOR = YES;
				GCC_WARN_UNINITIALIZED_AUTOS = YES_AGGRESSIVE;
				GCC_WARN_UNUSED_FUNCTION = YES;
				GCC_WARN_UNUSED_VARIABLE = YES;
				MACOSX_DEPLOYMENT_TARGET = 10.15;
				MTL_ENABLE_DEBUG_INFO = NO;
				MTL_FAST_MATH = YES;
				SDKROOT = macosx;
			};
			name = Release;
		};
		3C60189D2448D72B00D2DB8D /* Debug */ = {
			isa = XCBuildConfiguration;
			buildSettings = {
				CODE_SIGN_STYLE = Automatic;
				PRODUCT_NAME = "$(TARGET_NAME)";
			};
			name = Debug;
		};
		3C60189E2448D72B00D2DB8D /* Release */ = {
			isa = XCBuildConfiguration;
			buildSettings = {
				CODE_SIGN_STYLE = Automatic;
				PRODUCT_NAME = "$(TARGET_NAME)";
			};
			name = Release;
		};
/* End XCBuildConfiguration section */

/* Begin XCConfigurationList section */
		3C6018902448D72B00D2DB8D /* Build configuration list for PBXProject "BasicGraph" */ = {
			isa = XCConfigurationList;
			buildConfigurations = (
				3C60189A2448D72B00D2DB8D /* Debug */,
				3C60189B2448D72B00D2DB8D /* Release */,
			);
			defaultConfigurationIsVisible = 0;
			defaultConfigurationName = Release;
		};
		3C60189C2448D72B00D2DB8D /* Build configuration list for PBXNativeTarget "BasicGraph" */ = {
			isa = XCConfigurationList;
			buildConfigurations = (
				3C60189D2448D72B00D2DB8D /* Debug */,
				3C60189E2448D72B00D2DB8D /* Release */,
			);
			defaultConfigurationIsVisible = 0;
			defaultConfigurationName = Release;
		};
/* End XCConfigurationList section */
	};
	rootObject = 3C60188D2448D72B00D2DB8D /* Project object */;
}
